{
  "name": "agent_pa",
  "version": "0.1.0",
  "lockfileVersion": 3,
  "requires": true,
  "packages": {
    "": {
      "name": "agent_pa",
      "version": "0.1.0",
      "dependencies": {
        "dotenv": "^16.6.1",
        "opencode-ai": "^1.2.0"
      },
      "engines": {
        "node": ">=20.0.0"
      }
    },
    "node_modules/dotenv": {
      "version": "16.6.1",
      "resolved": "https://registry.npmjs.org/dotenv/-/dotenv-16.6.1.tgz",
      "integrity": "sha512-uBq4egWHTcTt33a72vpSG0z3HnPuIl6NqYcTrKEg2azoEyl2hpW0zqlxysq2pK9HlDIHyHyakeYaYnSAwd8bow==",
      "license": "BSD-2-Clause",
      "engines": {
        "node": ">=12"
      },
      "funding": {
        "url": "https://dotenvx.com"
      }
    },
    "node_modules/opencode-ai": {
      "version": "1.2.0",
      "resolved": "https://registry.npmjs.org/opencode-ai/-/opencode-ai-1.2.0.tgz",
      "integrity": "sha512-wEjOhlcPZ+83b+Bhn1V/203p4jDEKNHWpNRwuHj5wl/qPZt5YSHVzWTl0+TlUhBl3URcsF6Rq0+d2FXYswP+kg==",
      "hasInstallScript": true,
      "license": "MIT",
      "bin": {
        "opencode": "bin/opencode"
      },
      "optionalDependencies": {
        "opencode-darwin-arm64": "1.2.0",
        "opencode-darwin-x64": "1.2.0",
        "opencode-darwin-x64-baseline": "1.2.0",
        "opencode-linux-arm64": "1.2.0",
        "opencode-linux-arm64-musl": "1.2.0",
        "opencode-linux-x64": "1.2.0",
        "opencode-linux-x64-baseline": "1.2.0",
        "opencode-linux-x64-baseline-musl": "1.2.0",
        "opencode-linux-x64-musl": "1.2.0",
        "opencode-windows-x64": "1.2.0",
        "opencode-windows-x64-baseline": "1.2.0"
      }
    },
    "node_modules/opencode-darwin-arm64": {
      "version": "1.2.0",
      "resolved": "https://registry.npmjs.org/opencode-darwin-arm64/-/opencode-darwin-arm64-1.2.0.tgz",
      "integrity": "sha512-L//Xukvy2z6Iw/3U8d6xENL/wdIroegWuL1aBJ5w4EpcbXFwX6PSUpPEbLalWqJTqNgqt8V0ZC1nplHShNTEwg==",
      "cpu": [
        "arm64"
      ],
      "optional": true,
      "os": [
        "darwin"
      ]
    },
    "node_modules/opencode-darwin-x64": {
      "version": "1.2.0",
      "resolved": "https://registry.npmjs.org/opencode-darwin-x64/-/opencode-darwin-x64-1.2.0.tgz",
      "integrity": "sha512-0cnEXQHceiJFRBtObDEcJs95NroUKFAPAAz5ZhipSamowCEi51zBNJZV4pmvQ/7ejbPzLj+tC4zvorWE1k5flA==",
      "cpu": [
        "x64"
      ],
      "optional": true,
      "os": [
        "darwin"
      ]
    },
    "node_modules/opencode-darwin-x64-baseline": {
      "version": "1.2.0",
      "resolved": "https://registry.npmjs.org/opencode-darwin-x64-baseline/-/opencode-darwin-x64-baseline-1.2.0.tgz",
      "integrity": "sha512-qSxlVLJLeDFVvS1Sr1+0eZthDgG4E4j7aXmups3c4LlipG+SrxKGeDHZbB4IB6RWYAij7kYNDBLCUnj39aymiQ==",
      "cpu": [
        "x64"
      ],
      "optional": true,
      "os": [
        "darwin"
      ]
    },
    "node_modules/opencode-linux-arm64": {
      "version": "1.2.0",
      "resolved": "https://registry.npmjs.org/opencode-linux-arm64/-/opencode-linux-arm64-1.2.0.tgz",
      "integrity": "sha512-0q7n6TAuJe0Gxt30USGlHP8O4cogzSAsAPrZjOhyyJ0LV1XOfbix5tP3e1C+GfMau7LZ4jsQ0pgrD4JRDj2Zow==",
      "cpu": [
        "arm64"
      ],
      "optional": true,
      "os": [
        "linux"
      ]
    },
    "node_modules/opencode-linux-arm64-musl": {
      "version": "1.2.0",
      "resolved": "https://registry.npmjs.org/opencode-linux-arm64-musl/-/opencode-linux-arm64-musl-1.2.0.tgz",
      "integrity": "sha512-JnxH1ArLLH6qGHWbdscEexIJw5Mfb8owWXzlcksOhazaPfzqLBfzt4lMUDHlRWF45RDzHmU0tOVjNiumsUgd+g==",
      "cpu": [
        "arm64"
      ],
      "optional": true,
      "os": [
        "linux"
      ]
    },
    "node_modules/opencode-linux-x64": {
      "version": "1.2.0",
      "resolved": "https://registry.npmjs.org/opencode-linux-x64/-/opencode-linux-x64-1.2.0.tgz",
      "integrity": "sha512-+e+BOZ6v+MLq4k55uFfQ+OJzShEF73Ie/juaUUwxlLLlwtBFHfkmibIodnLkTSLSlnUBPANEAZdxWGgyU8GC3A==",
      "cpu": [
        "x64"
      ],
      "optional": true,
      "os": [
        "linux"
      ]
    },
    "node_modules/opencode-linux-x64-baseline": {
      "version": "1.2.0",
      "resolved": "https://registry.npmjs.org/opencode-linux-x64-baseline/-/opencode-linux-x64-baseline-1.2.0.tgz",
      "integrity": "sha512-xfX46Fgy8Zss7NNmwnnQnZk7dKMG45O3ZrBMF1mopg25fgUqCNk7e9nooe3DqTDjBfBnn4yL3OBBRzG/sj+lgA==",
      "cpu": [
        "x64"
      ],
      "optional": true,
      "os": [
        "linux"
      ]
    },
    "node_modules/opencode-linux-x64-baseline-musl": {
      "version": "1.2.0",
      "resolved": "https://registry.npmjs.org/opencode-linux-x64-baseline-musl/-/opencode-linux-x64-baseline-musl-1.2.0.tgz",
      "integrity": "sha512-15FMWbwmB1F2F+N1d0hN9o0ktHCBUE0mJ1IMUUf+vXWq3PbYSdqbiweyfOgfT1DW3GtzSN+UNECkRoB+bVdVaQ==",
      "cpu": [
        "x64"
      ],
      "optional": true,
      "os": [
        "linux"
      ]
    },
    "node_modules/opencode-linux-x64-musl": {
      "version": "1.2.0",
      "resolved": "https://registry.npmjs.org/opencode-linux-x64-musl/-/opencode-linux-x64-musl-1.2.0.tgz",
      "integrity": "sha512-BxvLDSLXAYv9/MKc2sshRHDpSwP42Fsp7srZ2dZWgTxMVFDrNW2Ts0AJQsFVWFzJ63chgsFa4ak+/TO23SfZaQ==",
      "cpu": [
        "x64"
      ],
      "optional": true,
      "os": [
        "linux"
      ]
    },
    "node_modules/opencode-windows-x64": {
      "version": "1.2.0",
      "resolved": "https://registry.npmjs.org/opencode-windows-x64/-/opencode-windows-x64-1.2.0.tgz",
      "integrity": "sha512-2QfUU1gNKquZYE83f08GgEzPGrP+cJj7lhetvmVjgZeK3PMLS5idjQEceFX4tLcHg/GpQmd5yC7jz1S61c/I9g==",
      "cpu": [
        "x64"
      ],
      "optional": true,
      "os": [
        "win32"
      ]
    },
    "node_modules/opencode-windows-x64-baseline": {
      "version": "1.2.0",
      "resolved": "https://registry.npmjs.org/opencode-windows-x64-baseline/-/opencode-windows-x64-baseline-1.2.0.tgz",
      "integrity": "sha512-ohcP6Pn6RHC5cEVFoca6zeia1VXb3BWL9pMg6fPpZiDAuhArFw9uA5v8SdIlkpUe6VGCI1Nc9N7xucAIPNdN1Q==",
      "cpu": [
        "x64"
      ],
      "optional": true,
      "os": [
        "win32"
      ]
    }
  }
}
